
Microsoft Visual Studio Solution File, Format Version 12.00
# Visual Studio Version 17
VisualStudioVersion = 17.0.31903.59
MinimumVisualStudioVersion = 10.0.40219.1
Project("{2150E333-8FDC-42A3-9474-1A3956D46DE8}") = "samples", "samples", "{5D20AA90-6969-D8BD-9DCD-8634F4692FDA}"
EndProject
Project("{FAE04EC0-301F-11D3-BF4B-00C04F79EFBC}") = "TLio.Sample.Actus.Api", "samples\TLio.Sample.Actus.Api\TLio.Sample.Actus.Api.csproj", "{6E71254F-2009-4F80-AAE5-8362A040906B}"
EndProject
Project("{FAE04EC0-301F-11D3-BF4B-00C04F79EFBC}") = "TLio.Sample.AfdApi", "samples\TLio.Sample.AfdApi\TLio.Sample.AfdApi.csproj", "{A3634B58-6A2A-4785-B424-916715BD5CDD}"
EndProject
Project("{FAE04EC0-301F-11D3-BF4B-00C04F79EFBC}") = "TLio.Sample.Api.IntegrationTests", "samples\TLio.Sample.Api.IntegrationTests\TLio.Sample.Api.IntegrationTests.csproj", "{56814C04-12F6-4820-ADCB-4526E7CDD598}"
EndProject
Project("{FAE04EC0-301F-11D3-BF4B-00C04F79EFBC}") = "TLio.Sample.Api", "samples\TLio.Sample.Api\TLio.Sample.Api.csproj", "{CA7C3CD6-07D6-497C-BB3E-3586F71F4E40}"
EndProject
Project("{FAE04EC0-301F-11D3-BF4B-00C04F79EFBC}") = "TLio.Sample.AzureDemo", "samples\TLio.Sample.AzureDemo\TLio.Sample.AzureDemo.csproj", "{6DC98B66-581D-41E5-888E-A447AE84ABDC}"
EndProject
Project("{FAE04EC0-301F-11D3-BF4B-00C04F79EFBC}") = "TLio.Sample.Cli", "samples\TLio.Sample.Cli\TLio.Sample.Cli.csproj", "{658946FC-C897-4EE2-91BF-4E5401BE86ED}"
EndProject
Project("{FAE04EC0-301F-11D3-BF4B-00C04F79EFBC}") = "TLio.Sample.DockerPlugin", "samples\TLio.Sample.DockerPlugin\TLio.Sample.DockerPlugin.csproj", "{028F32CC-01E8-457E-84CE-BB91F60D276C}"
EndProject
Project("{2150E333-8FDC-42A3-9474-1A3956D46DE8}") = "tests", "tests", "{0AB3BF05-4346-4AA6-1389-037BE0695223}"
EndProject
Project("{FAE04EC0-301F-11D3-BF4B-00C04F79EFBC}") = "TLio.Samples.Tests", "tests\TLio.Samples.Tests\TLio.Samples.Tests.csproj", "{24B207EE-C934-448A-B073-0F7864624522}"
EndProject
Project("{FAE04EC0-301F-11D3-BF4B-00C04F79EFBC}") = "TLio.Samples.Benchmarks", "tests\TLio.Samples.Benchmarks\TLio.Samples.Benchmarks.csproj", "{AF87867F-1C26-420C-ABEE-56350C5BCA05}"
EndProject
Global
	GlobalSection(SolutionConfigurationPlatforms) = preSolution
		Debug|Any CPU = Debug|Any CPU
		Debug|x64 = Debug|x64
		Debug|x86 = Debug|x86
		Release|Any CPU = Release|Any CPU
		Release|x64 = Release|x64
		Release|x86 = Release|x86
	EndGlobalSection
	GlobalSection(ProjectConfigurationPlatforms) = postSolution
		{6E71254F-2009-4F80-AAE5-8362A040906B}.Debug|Any CPU.ActiveCfg = Debug|Any CPU
		{6E71254F-2009-4F80-AAE5-8362A040906B}.Debug|Any CPU.Build.0 = Debug|Any CPU
		{6E71254F-2009-4F80-AAE5-8362A040906B}.Debug|x64.ActiveCfg = Debug|Any CPU
		{6E71254F-2009-4F80-AAE5-8362A040906B}.Debug|x64.Build.0 = Debug|Any CPU
		{6E71254F-2009-4F80-AAE5-8362A040906B}.Debug|x86.ActiveCfg = Debug|Any CPU
		{6E71254F-2009-4F80-AAE5-8362A040906B}.Debug|x86.Build.0 = Debug|Any CPU
		{6E71254F-2009-4F80-AAE5-8362A040906B}.Release|Any CPU.ActiveCfg = Release|Any CPU
		{6E71254F-2009-4F80-AAE5-8362A040906B}.Release|Any CPU.Build.0 = Release|Any CPU
		{6E71254F-2009-4F80-AAE5-8362A040906B}.Release|x64.ActiveCfg = Release|Any CPU
		{6E71254F-2009-4F80-AAE5-8362A040906B}.Release|x64.Build.0 = Release|Any CPU
		{6E71254F-2009-4F80-AAE5-8362A040906B}.Release|x86.ActiveCfg = Release|Any CPU
		{6E71254F-2009-4F80-AAE5-8362A040906B}.Release|x86.Build.0 = Release|Any CPU
		{A3634B58-6A2A-4785-B424-916715BD5CDD}.Debug|Any CPU.ActiveCfg = Debug|Any CPU
		{A3634B58-6A2A-4785-B424-916715BD5CDD}.Debug|Any CPU.Build.0 = Debug|Any CPU
		{A3634B58-6A2A-4785-B424-916715BD5CDD}.Debug|x64.ActiveCfg = Debug|Any CPU
		{A3634B58-6A2A-4785-B424-916715BD5CDD}.Debug|x64.Build.0 = Debug|Any CPU
		{A3634B58-6A2A-4785-B424-916715BD5CDD}.Debug|x86.ActiveCfg = Debug|Any CPU
		{A3634B58-6A2A-4785-B424-916715BD5CDD}.Debug|x86.Build.0 = Debug|Any CPU
		{A3634B58-6A2A-4785-B424-916715BD5CDD}.Release|Any CPU.ActiveCfg = Release|Any CPU
		{A3634B58-6A2A-4785-B424-916715BD5CDD}.Release|Any CPU.Build.0 = Release|Any CPU
		{A3634B58-6A2A-4785-B424-916715BD5CDD}.Release|x64.ActiveCfg = Release|Any CPU
		{A3634B58-6A2A-4785-B424-916715BD5CDD}.Release|x64.Build.0 = Release|Any CPU
		{A3634B58-6A2A-4785-B424-916715BD5CDD}.Release|x86.ActiveCfg = Release|Any CPU
		{A3634B58-6A2A-4785-B424-916715BD5CDD}.Release|x86.Build.0 = Release|Any CPU
		{56814C04-12F6-4820-ADCB-4526E7CDD598}.Debug|Any CPU.ActiveCfg = Debug|Any CPU
		{56814C04-12F6-4820-ADCB-4526E7CDD598}.Debug|Any CPU.Build.0 = Debug|Any CPU
		{56814C04-12F6-4820-ADCB-4526E7CDD598}.Debug|x64.ActiveCfg = Debug|Any CPU
		{56814C04-12F6-4820-ADCB-4526E7CDD598}.Debug|x64.Build.0 = Debug|Any CPU
		{56814C04-12F6-4820-ADCB-4526E7CDD598}.Debug|x86.ActiveCfg = Debug|Any CPU
		{56814C04-12F6-4820-ADCB-4526E7CDD598}.Debug|x86.Build.0 = Debug|Any CPU
		{56814C04-12F6-4820-ADCB-4526E7CDD598}.Release|Any CPU.ActiveCfg = Release|Any CPU
		{56814C04-12F6-4820-ADCB-4526E7CDD598}.Release|Any CPU.Build.0 = Release|Any CPU
		{56814C04-12F6-4820-ADCB-4526E7CDD598}.Release|x64.ActiveCfg = Release|Any CPU
		{56814C04-12F6-4820-ADCB-4526E7CDD598}.Release|x64.Build.0 = Release|Any CPU
		{56814C04-12F6-4820-ADCB-4526E7CDD598}.Release|x86.ActiveCfg = Release|Any CPU
		{56814C04-12F6-4820-ADCB-4526E7CDD598}.Release|x86.Build.0 = Release|Any CPU
		{CA7C3CD6-07D6-497C-BB3E-3586F71F4E40}.Debug|Any CPU.ActiveCfg = Debug|Any CPU
		{CA7C3CD6-07D6-497C-BB3E-3586F71F4E40}.Debug|Any CPU.Build.0 = Debug|Any CPU
		{CA7C3CD6-07D6-497C-BB3E-3586F71F4E40}.Debug|x64.ActiveCfg = Debug|Any CPU
		{CA7C3CD6-07D6-497C-BB3E-3586F71F4E40}.Debug|x64.Build.0 = Debug|Any CPU
		{CA7C3CD6-07D6-497C-BB3E-3586F71F4E40}.Debug|x86.ActiveCfg = Debug|Any CPU
		{CA7C3CD6-07D6-497C-BB3E-3586F71F4E40}.Debug|x86.Build.0 = Debug|Any CPU
		{CA7C3CD6-07D6-497C-BB3E-3586F71F4E40}.Release|Any CPU.ActiveCfg = Release|Any CPU
		{CA7C3CD6-07D6-497C-BB3E-3586F71F4E40}.Release|Any CPU.Build.0 = Release|Any CPU
		{CA7C3CD6-07D6-497C-BB3E-3586F71F4E40}.Release|x64.ActiveCfg = Release|Any CPU
		{CA7C3CD6-07D6-497C-BB3E-3586F71F4E40}.Release|x64.Build.0 = Release|Any CPU
		{CA7C3CD6-07D6-497C-BB3E-3586F71F4E40}.Release|x86.ActiveCfg = Release|Any CPU
		{CA7C3CD6-07D6-497C-BB3E-3586F71F4E40}.Release|x86.Build.0 = Release|Any CPU
		{6DC98B66-581D-41E5-888E-A447AE84ABDC}.Debug|Any CPU.ActiveCfg = Debug|Any CPU
		{6DC98B66-581D-41E5-888E-A447AE84ABDC}.Debug|Any CPU.Build.0 = Debug|Any CPU
		{6DC98B66-581D-41E5-888E-A447AE84ABDC}.Debug|x64.ActiveCfg = Debug|Any CPU
		{6DC98B66-581D-41E5-888E-A447AE84ABDC}.Debug|x64.Build.0 = Debug|Any CPU
		{6DC98B66-581D-41E5-888E-A447AE84ABDC}.Debug|x86.ActiveCfg = Debug|Any CPU
		{6DC98B66-581D-41E5-888E-A447AE84ABDC}.Debug|x86.Build.0 = Debug|Any CPU
		{6DC98B66-581D-41E5-888E-A447AE84ABDC}.Release|Any CPU.ActiveCfg = Release|Any CPU
		{6DC98B66-581D-41E5-888E-A447AE84ABDC}.Release|Any CPU.Build.0 = Release|Any CPU
		{6DC98B66-581D-41E5-888E-A447AE84ABDC}.Release|x64.ActiveCfg = Release|Any CPU
		{6DC98B66-581D-41E5-888E-A447AE84ABDC}.Release|x64.Build.0 = Release|Any CPU
		{6DC98B66-581D-41E5-888E-A447AE84ABDC}.Release|x86.ActiveCfg = Release|Any CPU
		{6DC98B66-581D-41E5-888E-A447AE84ABDC}.Release|x86.Build.0 = Release|Any CPU
		{658946FC-C897-4EE2-91BF-4E5401BE86ED}.Debug|Any CPU.ActiveCfg = Debug|Any CPU
		{658946FC-C897-4EE2-91BF-4E5401BE86ED}.Debug|Any CPU.Build.0 = Debug|Any CPU
		{658946FC-C897-4EE2-91BF-4E5401BE86ED}.Debug|x64.ActiveCfg = Debug|Any CPU
		{658946FC-C897-4EE2-91BF-4E5401BE86ED}.Debug|x64.Build.0 = Debug|Any CPU
		{658946FC-C897-4EE2-91BF-4E5401BE86ED}.Debug|x86.ActiveCfg = Debug|Any CPU
		{658946FC-C897-4EE2-91BF-4E5401BE86ED}.Debug|x86.Build.0 = Debug|Any CPU
		{658946FC-C897-4EE2-91BF-4E5401BE86ED}.Release|Any CPU.ActiveCfg = Release|Any CPU
		{658946FC-C897-4EE2-91BF-4E5401BE86ED}.Release|Any CPU.Build.0 = Release|Any CPU
		{658946FC-C897-4EE2-91BF-4E5401BE86ED}.Release|x64.ActiveCfg = Release|Any CPU
		{658946FC-C897-4EE2-91BF-4E5401BE86ED}.Release|x64.Build.0 = Release|Any CPU
		{658946FC-C897-4EE2-91BF-4E5401BE86ED}.Release|x86.ActiveCfg = Release|Any CPU
		{658946FC-C897-4EE2-91BF-4E5401BE86ED}.Release|x86.Build.0 = Release|Any CPU
		{028F32CC-01E8-457E-84CE-BB91F60D276C}.Debug|Any CPU.ActiveCfg = Debug|Any CPU
		{028F32CC-01E8-457E-84CE-BB91F60D276C}.Debug|Any CPU.Build.0 = Debug|Any CPU
		{028F32CC-01E8-457E-84CE-BB91F60D276C}.Debug|x64.ActiveCfg = Debug|Any CPU
		{028F32CC-01E8-457E-84CE-BB91F60D276C}.Debug|x64.Build.0 = Debug|Any CPU
		{028F32CC-01E8-457E-84CE-BB91F60D276C}.Debug|x86.ActiveCfg = Debug|Any CPU
		{028F32CC-01E8-457E-84CE-BB91F60D276C}.Debug|x86.Build.0 = Debug|Any CPU
		{028F32CC-01E8-457E-84CE-BB91F60D276C}.Release|Any CPU.ActiveCfg = Release|Any CPU
		{028F32CC-01E8-457E-84CE-BB91F60D276C}.Release|Any CPU.Build.0 = Release|Any CPU
		{028F32CC-01E8-457E-84CE-BB91F60D276C}.Release|x64.ActiveCfg = Release|Any CPU
		{028F32CC-01E8-457E-84CE-BB91F60D276C}.Release|x64.Build.0 = Release|Any CPU
		{028F32CC-01E8-457E-84CE-BB91F60D276C}.Release|x86.ActiveCfg = Release|Any CPU
		{028F32CC-01E8-457E-84CE-BB91F60D276C}.Release|x86.Build.0 = Release|Any CPU
		{24B207EE-C934-448A-B073-0F7864624522}.Debug|Any CPU.ActiveCfg = Debug|Any CPU
		{24B207EE-C934-448A-B073-0F7864624522}.Debug|Any CPU.Build.0 = Debug|Any CPU
		{24B207EE-C934-448A-B073-0F7864624522}.Debug|x64.ActiveCfg = Debug|Any CPU
		{24B207EE-C934-448A-B073-0F7864624522}.Debug|x64.Build.0 = Debug|Any CPU
		{24B207EE-C934-448A-B073-0F7864624522}.Debug|x86.ActiveCfg = Debug|Any CPU
		{24B207EE-C934-448A-B073-0F7864624522}.Debug|x86.Build.0 = Debug|Any CPU
		{24B207EE-C934-448A-B073-0F7864624522}.Release|Any CPU.ActiveCfg = Release|Any CPU
		{24B207EE-C934-448A-B073-0F7864624522}.Release|Any CPU.Build.0 = Release|Any CPU
		{24B207EE-C934-448A-B073-0F7864624522}.Release|x64.ActiveCfg = Release|Any CPU
		{24B207EE-C934-448A-B073-0F7864624522}.Release|x64.Build.0 = Release|Any CPU
		{24B207EE-C934-448A-B073-0F7864624522}.Release|x86.ActiveCfg = Release|Any CPU
		{24B207EE-C934-448A-B073-0F7864624522}.Release|x86.Build.0 = Release|Any CPU
		{AF87867F-1C26-420C-ABEE-56350C5BCA05}.Debug|Any CPU.ActiveCfg = Debug|Any CPU
		{AF87867F-1C26-420C-ABEE-56350C5BCA05}.Debug|Any CPU.Build.0 = Debug|Any CPU
		{AF87867F-1C26-420C-ABEE-56350C5BCA05}.Debug|x64.ActiveCfg = Debug|Any CPU
		{AF87867F-1C26-420C-ABEE-56350C5BCA05}.Debug|x64.Build.0 = Debug|Any CPU
		{AF87867F-1C26-420C-ABEE-56350C5BCA05}.Debug|x86.ActiveCfg = Debug|Any CPU
		{AF87867F-1C26-420C-ABEE-56350C5BCA05}.Debug|x86.Build.0 = Debug|Any CPU
		{AF87867F-1C26-420C-ABEE-56350C5BCA05}.Release|Any CPU.ActiveCfg = Release|Any CPU
		{AF87867F-1C26-420C-ABEE-56350C5BCA05}.Release|Any CPU.Build.0 = Release|Any CPU
		{AF87867F-1C26-420C-ABEE-56350C5BCA05}.Release|x64.ActiveCfg = Release|Any CPU
		{AF87867F-1C26-420C-ABEE-56350C5BCA05}.Release|x64.Build.0 = Release|Any CPU
		{AF87867F-1C26-420C-ABEE-56350C5BCA05}.Release|x86.ActiveCfg = Release|Any CPU
		{AF87867F-1C26-420C-ABEE-56350C5BCA05}.Release|x86.Build.0 = Release|Any CPU
	EndGlobalSection
	GlobalSection(SolutionProperties) = preSolution
		HideSolutionNode = FALSE
	EndGlobalSection
	GlobalSection(NestedProjects) = preSolution
		{6E71254F-2009-4F80-AAE5-8362A040906B} = {5D20AA90-6969-D8BD-9DCD-8634F4692FDA}
		{A3634B58-6A2A-4785-B424-916715BD5CDD} = {5D20AA90-6969-D8BD-9DCD-8634F4692FDA}
		{56814C04-12F6-4820-ADCB-4526E7CDD598} = {5D20AA90-6969-D8BD-9DCD-8634F4692FDA}
		{CA7C3CD6-07D6-497C-BB3E-3586F71F4E40} = {5D20AA90-6969-D8BD-9DCD-8634F4692FDA}
		{6DC98B66-581D-41E5-888E-A447AE84ABDC} = {5D20AA90-6969-D8BD-9DCD-8634F4692FDA}
		{658946FC-C897-4EE2-91BF-4E5401BE86ED} = {5D20AA90-6969-D8BD-9DCD-8634F4692FDA}
		{028F32CC-01E8-457E-84CE-BB91F60D276C} = {5D20AA90-6969-D8BD-9DCD-8634F4692FDA}
		{24B207EE-C934-448A-B073-0F7864624522} = {0AB3BF05-4346-4AA6-1389-037BE0695223}
		{AF87867F-1C26-420C-ABEE-56350C5BCA05} = {0AB3BF05-4346-4AA6-1389-037BE0695223}
	EndGlobalSection
EndGlobal
